<?xml version="1.0" encoding="UTF-8" standalone="yes" ?>
<CodeBlocks_project_file>
	<FileVersion major="1" minor="6" />
	<Project>
		<Option title="sumData" />
		<Option pch_mode="2" />
		<Option compiler="gcc" />
		<Build>
			<Target title="Debug">
				<Option output="bin/sumData" prefix_auto="1" extension_auto="1" />
				<Option object_output="obj/Debug/" />
				<Option type="1" />
				<Option compiler="gcc" />
				<Option parameters="-i ../data/chameleon/devices/chameleon.csv -x ../data/chameleon/config/config-chameleon.csv -c ../data/chameleon/central/devicesCells/cell-chameleon-01.csv -p ../data/chameleon/central/devicesCells/point-chameleon-01.csv" />
				<Compiler>
					<Add option="-g" />
				</Compiler>
			</Target>
			<Target title="Release">
				<Option output="bin/sumData" prefix_auto="1" extension_auto="1" />
				<Option object_output="obj/Release/" />
				<Option type="1" />
				<Option compiler="gcc" />
				<Compiler>
					<Add option="-O2" />
				</Compiler>
				<Linker>
					<Add option="-s" />
				</Linker>
			</Target>
		</Build>
		<Compiler>
			<Add option="-Wall" />
			<Add option="-fexceptions" />
			<Add directory="../include" />
			<Add directory="../point" />
			<Add directory="../csv-reader" />
		</Compiler>
		<Unit filename="../csv-reader/csv-reader.cpp" />
		<Unit filename="../csv-reader/csv-reader.h" />
		<Unit filename="../include/cell.h" />
		<Unit filename="../include/gCluster.h" />
		<Unit filename="../point/point.cpp" />
		<Unit filename="../point/point.h" />
		<Unit filename="../src/cell.cpp" />
		<Unit filename="../src/gcluster.cpp" />
		<Unit filename="README.md" />
		<Unit filename="sumData.cpp" />
		<Extensions>
			<code_completion />
			<envvars />
			<debugger />
			<lib_finder disable_auto="1" />
		</Extensions>
	</Project>
</CodeBlocks_project_file>
